
Microsoft Visual Studio Solution File, Format Version 12.00
# Visual Studio Version 17
VisualStudioVersion = 17.1.32421.90
MinimumVisualStudioVersion = 10.0.40219.1
Project("{FAE04EC0-301F-11D3-BF4B-00C04F79EFBC}") = "QuantumSimulator", "QuantumSimulator\QuantumSimulator.csproj", "{3211D919-F27B-48D7-846C-C7F2147BDD96}"
EndProject
Global
	GlobalSection(SolutionConfigurationPlatforms) = preSolution
		Debug|Any CPU = Debug|Any CPU
		Release|Any CPU = Release|Any CPU
	EndGlobalSection
	GlobalSection(ProjectConfigurationPlatforms) = postSolution
		{3211D919-F27B-48D7-846C-C7F2147BDD96}.Debug|Any CPU.ActiveCfg = Debug|Any CPU
		{3211D919-F27B-48D7-846C-C7F2147BDD96}.Debug|Any CPU.Build.0 = Debug|Any CPU
		{3211D919-F27B-48D7-846C-C7F2147BDD96}.Release|Any CPU.ActiveCfg = Release|Any CPU
		{3211D919-F27B-48D7-846C-C7F2147BDD96}.Release|Any CPU.Build.0 = Release|Any CPU
	EndGlobalSection
	GlobalSection(SolutionProperties) = preSolution
		HideSolutionNode = FALSE
	EndGlobalSection
	GlobalSection(ExtensibilityGlobals) = postSolution
		SolutionGuid = {5D5A46B0-263E-494F-9B75-4B3C5A7F5993}
	EndGlobalSection
EndGlobal
